
Microsoft Visual Studio Solution File, Format Version 12.00
Project("{FAE04EC0-301F-11D3-BF4B-00C04F79EFBC}") = "testEF", "testEF\testEF.csproj", "{B0111056-7AF4-4AC3-88CA-3D18551143E3}"
EndProject
Global
	GlobalSection(SolutionConfigurationPlatforms) = preSolution
		Debug|Any CPU = Debug|Any CPU
		Release|Any CPU = Release|Any CPU
	EndGlobalSection
	GlobalSection(ProjectConfigurationPlatforms) = postSolution
		{B0111056-7AF4-4AC3-88CA-3D18551143E3}.Debug|Any CPU.ActiveCfg = Debug|Any CPU
		{B0111056-7AF4-4AC3-88CA-3D18551143E3}.Debug|Any CPU.Build.0 = Debug|Any CPU
		{B0111056-7AF4-4AC3-88CA-3D18551143E3}.Release|Any CPU.ActiveCfg = Release|Any CPU
		{B0111056-7AF4-4AC3-88CA-3D18551143E3}.Release|Any CPU.Build.0 = Release|Any CPU
	EndGlobalSection
EndGlobal
